
Microsoft Visual Studio Solution File, Format Version 11.00
# Visual Studio 2010
Project("{8BC9CEB8-8B4A-11D0-8D11-00A0C91BC942}") = "DiRect10", "DiRect10\DiRect10.vcxproj", "{3D2C61AC-0F90-4F36-A138-5E38FBD4CCAA}"
EndProject
Global
	GlobalSection(SolutionConfigurationPlatforms) = preSolution
		Debug|Win32 = Debug|Win32
		Release|Win32 = Release|Win32
	EndGlobalSection
	GlobalSection(ProjectConfigurationPlatforms) = postSolution
		{3D2C61AC-0F90-4F36-A138-5E38FBD4CCAA}.Debug|Win32.ActiveCfg = Debug|Win32
		{3D2C61AC-0F90-4F36-A138-5E38FBD4CCAA}.Debug|Win32.Build.0 = Debug|Win32
		{3D2C61AC-0F90-4F36-A138-5E38FBD4CCAA}.Release|Win32.ActiveCfg = Release|Win32
		{3D2C61AC-0F90-4F36-A138-5E38FBD4CCAA}.Release|Win32.Build.0 = Release|Win32
	EndGlobalSection
	GlobalSection(SolutionProperties) = preSolution
		HideSolutionNode = FALSE
	EndGlobalSection
EndGlobal
